PODS:
  - LocalizationToolkit (1.1.1)
  - ObjectMapper (3.4.1)

DEPENDENCIES:
  - LocalizationToolkit (~> 1.1)
  - ObjectMapper (~> 3.0)

SPEC REPOS:
  https://github.com/cocoapods/specs.git:
    - LocalizationToolkit
    - ObjectMapper

SPEC CHECKSUMS:
  LocalizationToolkit: ea6c1fedd1493c16fa7b8e6dabcd1c4674855c6f
  ObjectMapper: 5311bd50ca732930959e7ca1a2de43ab823a5ced

PODFILE CHECKSUM: 8c6b6ea7b955c74cedc8a4b4361bc5825bf79af8

COCOAPODS: 1.6.0.beta.2
